// !$*UTF8*$!
{
	archiveVersion = 1;
	classes = {
	};
	objectVersion = 46;
	objects = {

/* Begin PBXBuildFile section */
		CEFC92C31E2362B700A6FE28 /* AppDelegate.swift in Sources */ = {isa = PBXBuildFile; fileRef = CEFC92C21E2362B700A6FE28 /* AppDelegate.swift */; };
		CEFC92C51E2362B700A6FE28 /* ViewController.swift in Sources */ = {isa = PBXBuildFile; fileRef = CEFC92C41E2362B700A6FE28 /* ViewController.swift */; };
		CEFC92C81E2362B700A6FE28 /* Main.storyboard in Resources */ = {isa = PBXBuildFile; fileRef = CEFC92C61E2362B700A6FE28 /* Main.storyboard */; };
		CEFC92CA1E2362B700A6FE28 /* Assets.xcassets in Resources */ = {isa = PBXBuildFile; fileRef = CEFC92C91E2362B700A6FE28 /* Assets.xcassets */; };
		CEFC92CD1E2362B700A6FE28 /* LaunchScreen.storyboard in Resources */ = {isa = PBXBuildFile; fileRef = CEFC92CB1E2362B700A6FE28 /* LaunchScreen.storyboard */; };
		CEFC92D81E2362B700A6FE28 /* DemoSwiftTests.swift in Sources */ = {isa = PBXBuildFile; fileRef = CEFC92D71E2362B700A6FE28 /* DemoSwiftTests.swift */; };
		CEFC92E31E2362B700A6FE28 /* DemoSwiftUITests.swift in Sources */ = {isa = PBXBuildFile; fileRef = CEFC92E21E2362B700A6FE28 /* DemoSwiftUITests.swift */; };
		CEFC92F31E27994100A6FE28 /* TopScrollViewController.swift in Sources */ = {isa = PBXBuildFile; fileRef = CEFC92F21E27994100A6FE28 /* TopScrollViewController.swift */; };
/* End PBXBuildFile section */

/* Begin PBXContainerItemProxy section */
		CEFC92D41E2362B700A6FE28 /* PBXContainerItemProxy */ = {
			isa = PBXContainerItemProxy;
			containerPortal = CEFC92B71E2362B700A6FE28 /* Project object */;
			proxyType = 1;
			remoteGlobalIDString = CEFC92BE1E2362B700A6FE28;
			remoteInfo = DemoSwift;
		};
		CEFC92DF1E2362B700A6FE28 /* PBXContainerItemProxy */ = {
			isa = PBXContainerItemProxy;
			containerPortal = CEFC92B71E2362B700A6FE28 /* Project object */;
			proxyType = 1;
			remoteGlobalIDString = CEFC92BE1E2362B700A6FE28;
			remoteInfo = DemoSwift;
		};
/* End PBXContainerItemProxy section */

/* Begin PBXFileReference section */
		CEFC92BF1E2362B700A6FE28 /* DemoSwift.app */ = {isa = PBXFileReference; explicitFileType = wrapper.application; includeInIndex = 0; path = DemoSwift.app; sourceTree = BUILT_PRODUCTS_DIR; };
		CEFC92C21E2362B700A6FE28 /* AppDelegate.swift */ = {isa = PBXFileReference; lastKnownFileType = sourcecode.swift; path = AppDelegate.swift; sourceTree = "<group>"; };
		CEFC92C41E2362B700A6FE28 /* ViewController.swift */ = {isa = PBXFileReference; lastKnownFileType = sourcecode.swift; path = ViewController.swift; sourceTree = "<group>"; };
		CEFC92C71E2362B700A6FE28 /* Base */ = {isa = PBXFileReference; lastKnownFileType = file.storyboard; name = Base; path = Base.lproj/Main.storyboard; sourceTree = "<group>"; };
		CEFC92C91E2362B700A6FE28 /* Assets.xcassets */ = {isa = PBXFileReference; lastKnownFileType = folder.assetcatalog; path = Assets.xcassets; sourceTree = "<group>"; };
		CEFC92CC1E2362B700A6FE28 /* Base */ = {isa = PBXFileReference; lastKnownFileType = file.storyboard; name = Base; path = Base.lproj/LaunchScreen.storyboard; sourceTree = "<group>"; };
		CEFC92CE1E2362B700A6FE28 /* Info.plist */ = {isa = PBXFileReference; lastKnownFileType = text.plist.xml; path = Info.plist; sourceTree = "<group>"; };
		CEFC92D31E2362B700A6FE28 /* DemoSwiftTests.xctest */ = {isa = PBXFileReference; explicitFileType = wrapper.cfbundle; includeInIndex = 0; path = DemoSwiftTests.xctest; sourceTree = BUILT_PRODUCTS_DIR; };
		CEFC92D71E2362B700A6FE28 /* DemoSwiftTests.swift */ = {isa = PBXFileReference; lastKnownFileType = sourcecode.swift; path = DemoSwiftTests.swift; sourceTree = "<group>"; };
		CEFC92D91E2362B700A6FE28 /* Info.plist */ = {isa = PBXFileReference; lastKnownFileType = text.plist.xml; path = Info.plist; sourceTree = "<group>"; };
		CEFC92DE1E2362B700A6FE28 /* DemoSwiftUITests.xctest */ = {isa = PBXFileReference; explicitFileType = wrapper.cfbundle; includeInIndex = 0; path = DemoSwiftUITests.xctest; sourceTree = BUILT_PRODUCTS_DIR; };
		CEFC92E21E2362B700A6FE28 /* DemoSwiftUITests.swift */ = {isa = PBXFileReference; lastKnownFileType = sourcecode.swift; path = DemoSwiftUITests.swift; sourceTree = "<group>"; };
		CEFC92E41E2362B700A6FE28 /* Info.plist */ = {isa = PBXFileReference; lastKnownFileType = text.plist.xml; path = Info.plist; sourceTree = "<group>"; };
		CEFC92F21E27994100A6FE28 /* TopScrollViewController.swift */ = {isa = PBXFileReference; fileEncoding = 4; lastKnownFileType = sourcecode.swift; path = TopScrollViewController.swift; sourceTree = "<group>"; };
/* End PBXFileReference section */

/* Begin PBXFrameworksBuildPhase section */
		CEFC92BC1E2362B700A6FE28 /* Frameworks */ = {
			isa = PBXFrameworksBuildPhase;
			buildActionMask = 2147483647;
			files = (
			);
			runOnlyForDeploymentPostprocessing = 0;
		};
		CEFC92D01E2362B700A6FE28 /* Frameworks */ = {
			isa = PBXFrameworksBuildPhase;
			buildActionMask = 2147483647;
			files = (
			);
			runOnlyForDeploymentPostprocessing = 0;
		};
		CEFC92DB1E2362B700A6FE28 /* Frameworks */ = {
			isa = PBXFrameworksBuildPhase;
			buildActionMask = 2147483647;
			files = (
			);
			runOnlyForDeploymentPostprocessing = 0;
		};
/* End PBXFrameworksBuildPhase section */

/* Begin PBXGroup section */
		CEFC92B61E2362B700A6FE28 = {
			isa = PBXGroup;
			children = (
				CEFC92C11E2362B700A6FE28 /* DemoSwift */,
				CEFC92D61E2362B700A6FE28 /* DemoSwiftTests */,
				CEFC92E11E2362B700A6FE28 /* DemoSwiftUITests */,
				CEFC92C01E2362B700A6FE28 /* Products */,
			);
			sourceTree = "<group>";
		};
		CEFC92C01E2362B700A6FE28 /* Products */ = {
			isa = PBXGroup;
			children = (
				CEFC92BF1E2362B700A6FE28 /* DemoSwift.app */,
				CEFC92D31E2362B700A6FE28 /* DemoSwiftTests.xctest */,
				CEFC92DE1E2362B700A6FE28 /* DemoSwiftUITests.xctest */,
			);
			name = Products;
			sourceTree = "<group>";
		};
		CEFC92C11E2362B700A6FE28 /* DemoSwift */ = {
			isa = PBXGroup;
			children = (
				CEFC92C21E2362B700A6FE28 /* AppDelegate.swift */,
				CEFC92F21E27994100A6FE28 /* TopScrollViewController.swift */,
				CEFC92C41E2362B700A6FE28 /* ViewController.swift */,
				CEFC92C61E2362B700A6FE28 /* Main.storyboard */,
				CEFC92C91E2362B700A6FE28 /* Assets.xcassets */,
				CEFC92CB1E2362B700A6FE28 /* LaunchScreen.storyboard */,
				CEFC92CE1E2362B700A6FE28 /* Info.plist */,
			);
			path = DemoSwift;
			sourceTree = "<group>";
		};
		CEFC92D61E2362B700A6FE28 /* DemoSwiftTests */ = {
			isa = PBXGroup;
			children = (
				CEFC92D71E2362B700A6FE28 /* DemoSwiftTests.swift */,
				CEFC92D91E2362B700A6FE28 /* Info.plist */,
			);
			path = DemoSwiftTests;
			sourceTree = "<group>";
		};
		CEFC92E11E2362B700A6FE28 /* DemoSwiftUITests */ = {
			isa = PBXGroup;
			children = (
				CEFC92E21E2362B700A6FE28 /* DemoSwiftUITests.swift */,
				CEFC92E41E2362B700A6FE28 /* Info.plist */,
			);
			path = DemoSwiftUITests;
			sourceTree = "<group>";
		};
/* End PBXGroup section */

/* Begin PBXNativeTarget section */
		CEFC92BE1E2362B700A6FE28 /* DemoSwift */ = {
			isa = PBXNativeTarget;
			buildConfigurationList = CEFC92E71E2362B700A6FE28 /* Build configuration list for PBXNativeTarget "DemoSwift" */;
			buildPhases = (
				CEFC92BB1E2362B700A6FE28 /* Sources */,
				CEFC92BC1E2362B700A6FE28 /* Frameworks */,
				CEFC92BD1E2362B700A6FE28 /* Resources */,
			);
			buildRules = (
			);
			dependencies = (
			);
			name = DemoSwift;
			productName = DemoSwift;
			productReference = CEFC92BF1E2362B700A6FE28 /* DemoSwift.app */;
			productType = "com.apple.product-type.application";
		};
		CEFC92D21E2362B700A6FE28 /* DemoSwiftTests */ = {
			isa = PBXNativeTarget;
			buildConfigurationList = CEFC92EA1E2362B700A6FE28 /* Build configuration list for PBXNativeTarget "DemoSwiftTests" */;
			buildPhases = (
				CEFC92CF1E2362B700A6FE28 /* Sources */,
				CEFC92D01E2362B700A6FE28 /* Frameworks */,
				CEFC92D11E2362B700A6FE28 /* Resources */,
			);
			buildRules = (
			);
			dependencies = (
				CEFC92D51E2362B700A6FE28 /* PBXTargetDependency */,
			);
			name = DemoSwiftTests;
			productName = DemoSwiftTests;
			productReference = CEFC92D31E2362B700A6FE28 /* DemoSwiftTests.xctest */;
			productType = "com.apple.product-type.bundle.unit-test";
		};
		CEFC92DD1E2362B700A6FE28 /* DemoSwiftUITests */ = {
			isa = PBXNativeTarget;
			buildConfigurationList = CEFC92ED1E2362B700A6FE28 /* Build configuration list for PBXNativeTarget "DemoSwiftUITests" */;
			buildPhases = (
				CEFC92DA1E2362B700A6FE28 /* Sources */,
				CEFC92DB1E2362B700A6FE28 /* Frameworks */,
				CEFC92DC1E2362B700A6FE28 /* Resources */,
			);
			buildRules = (
			);
			dependencies = (
				CEFC92E01E2362B700A6FE28 /* PBXTargetDependency */,
			);
			name = DemoSwiftUITests;
			productName = DemoSwiftUITests;
			productReference = CEFC92DE1E2362B700A6FE28 /* DemoSwiftUITests.xctest */;
			productType = "com.apple.product-type.bundle.ui-testing";
		};
/* End PBXNativeTarget section */

/* Begin PBXProject section */
		CEFC92B71E2362B700A6FE28 /* Project object */ = {
			isa = PBXProject;
			attributes = {
				LastSwiftUpdateCheck = 0820;
				LastUpgradeCheck = 0820;
				ORGANIZATIONNAME = David;
				TargetAttributes = {
					CEFC92BE1E2362B700A6FE28 = {
						CreatedOnToolsVersion = 8.2.1;
						ProvisioningStyle = Automatic;
					};
					CEFC92D21E2362B700A6FE28 = {
						CreatedOnToolsVersion = 8.2.1;
						ProvisioningStyle = Automatic;
						TestTargetID = CEFC92BE1E2362B700A6FE28;
					};
					CEFC92DD1E2362B700A6FE28 = {
						CreatedOnToolsVersion = 8.2.1;
						ProvisioningStyle = Automatic;
						TestTargetID = CEFC92BE1E2362B700A6FE28;
					};
				};
			};
			buildConfigurationList = CEFC92BA1E2362B700A6FE28 /* Build configuration list for PBXProject "DemoSwift" */;
			compatibilityVersion = "Xcode 3.2";
			developmentRegion = English;
			hasScannedForEncodings = 0;
			knownRegions = (
				en,
				Base,
			);
			mainGroup = CEFC92B61E2362B700A6FE28;
			productRefGroup = CEFC92C01E2362B700A6FE28 /* Products */;
			projectDirPath = "";
			projectRoot = "";
			targets = (
				CEFC92BE1E2362B700A6FE28 /* DemoSwift */,
				CEFC92D21E2362B700A6FE28 /* DemoSwiftTests */,
				CEFC92DD1E2362B700A6FE28 /* DemoSwiftUITests */,
			);
		};
/* End PBXProject section */

/* Begin PBXResourcesBuildPhase section */
		CEFC92BD1E2362B700A6FE28 /* Resources */ = {
			isa = PBXResourcesBuildPhase;
			buildActionMask = 2147483647;
			files = (
				CEFC92CD1E2362B700A6FE28 /* LaunchScreen.storyboard in Resources */,
				CEFC92CA1E2362B700A6FE28 /* Assets.xcassets in Resources */,
				CEFC92C81E2362B700A6FE28 /* Main.storyboard in Resources */,
			);
			runOnlyForDeploymentPostprocessing = 0;
		};
		CEFC92D11E2362B700A6FE28 /* Resources */ = {
			isa = PBXResourcesBuildPhase;
			buildActionMask = 2147483647;
			files = (
			);
			runOnlyForDeploymentPostprocessing = 0;
		};
		CEFC92DC1E2362B700A6FE28 /* Resources */ = {
			isa = PBXResourcesBuildPhase;
			buildActionMask = 2147483647;
			files = (
			);
			runOnlyForDeploymentPostprocessing = 0;
		};
/* End PBXResourcesBuildPhase section */

/* Begin PBXSourcesBuildPhase section */
		CEFC92BB1E2362B700A6FE28 /* Sources */ = {
			isa = PBXSourcesBuildPhase;
			buildActionMask = 2147483647;
			files = (
				CEFC92C51E2362B700A6FE28 /* ViewController.swift in Sources */,
				CEFC92C31E2362B700A6FE28 /* AppDelegate.swift in Sources */,
				CEFC92F31E27994100A6FE28 /* TopScrollViewController.swift in Sources */,
			);
			runOnlyForDeploymentPostprocessing = 0;
		};
		CEFC92CF1E2362B700A6FE28 /* Sources */ = {
			isa = PBXSourcesBuildPhase;
			buildActionMask = 2147483647;
			files = (
				CEFC92D81E2362B700A6FE28 /* DemoSwiftTests.swift in Sources */,
			);
			runOnlyForDeploymentPostprocessing = 0;
		};
		CEFC92DA1E2362B700A6FE28 /* Sources */ = {
			isa = PBXSourcesBuildPhase;
			buildActionMask = 2147483647;
			files = (
				CEFC92E31E2362B700A6FE28 /* DemoSwiftUITests.swift in Sources */,
			);
			runOnlyForDeploymentPostprocessing = 0;
		};
/* End PBXSourcesBuildPhase section */

/* Begin PBXTargetDependency section */
		CEFC92D51E2362B700A6FE28 /* PBXTargetDependency */ = {
			isa = PBXTargetDependency;
			target = CEFC92BE1E2362B700A6FE28 /* DemoSwift */;
			targetProxy = CEFC92D41E2362B700A6FE28 /* PBXContainerItemProxy */;
		};
		CEFC92E01E2362B700A6FE28 /* PBXTargetDependency */ = {
			isa = PBXTargetDependency;
			target = CEFC92BE1E2362B700A6FE28 /* DemoSwift */;
			targetProxy = CEFC92DF1E2362B700A6FE28 /* PBXContainerItemProxy */;
		};
/* End PBXTargetDependency section */

/* Begin PBXVariantGroup section */
		CEFC92C61E2362B700A6FE28 /* Main.storyboard */ = {
			isa = PBXVariantGroup;
			children = (
				CEFC92C71E2362B700A6FE28 /* Base */,
			);
			name = Main.storyboard;
			sourceTree = "<group>";
		};
		CEFC92CB1E2362B700A6FE28 /* LaunchScreen.storyboard */ = {
			isa = PBXVariantGroup;
			children = (
				CEFC92CC1E2362B700A6FE28 /* Base */,
			);
			name = LaunchScreen.storyboard;
			sourceTree = "<group>";
		};
/* End PBXVariantGroup section */

/* Begin XCBuildConfiguration section */
		CEFC92E51E2362B700A6FE28 /* Debug */ = {
			isa = XCBuildConfiguration;
			buildSettings = {
				ALWAYS_SEARCH_USER_PATHS = NO;
				CLANG_ANALYZER_NONNULL = YES;
				CLANG_CXX_LANGUAGE_STANDARD = "gnu++0x";
				CLANG_CXX_LIBRARY = "libc++";
				CLANG_ENABLE_MODULES = YES;
				CLANG_ENABLE_OBJC_ARC = YES;
				CLANG_WARN_BOOL_CONVERSION = YES;
				CLANG_WARN_CONSTANT_CONVERSION = YES;
				CLANG_WARN_DIRECT_OBJC_ISA_USAGE = YES_ERROR;
				CLANG_WARN_DOCUMENTATION_COMMENTS = YES;
				CLANG_WARN_EMPTY_BODY = YES;
				CLANG_WARN_ENUM_CONVERSION = YES;
				CLANG_WARN_INFINITE_RECURSION = YES;
				CLANG_WARN_INT_CONVERSION = YES;
				CLANG_WARN_OBJC_ROOT_CLASS = YES_ERROR;
				CLANG_WARN_SUSPICIOUS_MOVE = YES;
				CLANG_WARN_UNREACHABLE_CODE = YES;
				CLANG_WARN__DUPLICATE_METHOD_MATCH = YES;
				"CODE_SIGN_IDENTITY[sdk=iphoneos*]" = "iPhone Developer";
				COPY_PHASE_STRIP = NO;
				DEBUG_INFORMATION_FORMAT = dwarf;
				ENABLE_STRICT_OBJC_MSGSEND = YES;
				ENABLE_TESTABILITY = YES;
				GCC_C_LANGUAGE_STANDARD = gnu99;
				GCC_DYNAMIC_NO_PIC = NO;
				GCC_NO_COMMON_BLOCKS = YES;
				GCC_OPTIMIZATION_LEVEL = 0;
				GCC_PREPROCESSOR_DEFINITIONS = (
					"DEBUG=1",
					"$(inherited)",
				);
				GCC_WARN_64_TO_32_BIT_CONVERSION = YES;
				GCC_WARN_ABOUT_RETURN_TYPE = YES_ERROR;
				GCC_WARN_UNDECLARED_SELECTOR = YES;
				GCC_WARN_UNINITIALIZED_AUTOS = YES_AGGRESSIVE;
				GCC_WARN_UNUSED_FUNCTION = YES;
				GCC_WARN_UNUSED_VARIABLE = YES;
				IPHONEOS_DEPLOYMENT_TARGET = 10.2;
				MTL_ENABLE_DEBUG_INFO = YES;
				ONLY_ACTIVE_ARCH = YES;
				SDKROOT = iphoneos;
				SWIFT_ACTIVE_COMPILATION_CONDITIONS = DEBUG;
				SWIFT_OPTIMIZATION_LEVEL = "-Onone";
			};
			name = Debug;
		};
		CEFC92E61E2362B700A6FE28 /* Release */ = {
			isa = XCBuildConfiguration;
			buildSettings = {
				ALWAYS_SEARCH_USER_PATHS = NO;
				CLANG_ANALYZER_NONNULL = YES;
				CLANG_CXX_LANGUAGE_STANDARD = "gnu++0x";
				CLANG_CXX_LIBRARY = "libc++";
				CLANG_ENABLE_MODULES = YES;
				CLANG_ENABLE_OBJC_ARC = YES;
				CLANG_WARN_BOOL_CONVERSION = YES;
				CLANG_WARN_CONSTANT_CONVERSION = YES;
				CLANG_WARN_DIRECT_OBJC_ISA_USAGE = YES_ERROR;
				CLANG_WARN_DOCUMENTATION_COMMENTS = YES;
				CLANG_WARN_EMPTY_BODY = YES;
				CLANG_WARN_ENUM_CONVERSION = YES;
				CLANG_WARN_INFINITE_RECURSION = YES;
				CLANG_WARN_INT_CONVERSION = YES;
				CLANG_WARN_OBJC_ROOT_CLASS = YES_ERROR;
				CLANG_WARN_SUSPICIOUS_MOVE = YES;
				CLANG_WARN_UNREACHABLE_CODE = YES;
				CLANG_WARN__DUPLICATE_METHOD_MATCH = YES;
				"CODE_SIGN_IDENTITY[sdk=iphoneos*]" = "iPhone Developer";
				COPY_PHASE_STRIP = NO;
				DEBUG_INFORMATION_FORMAT = "dwarf-with-dsym";
				ENABLE_NS_ASSERTIONS = NO;
				ENABLE_STRICT_OBJC_MSGSEND = YES;
				GCC_C_LANGUAGE_STANDARD = gnu99;
				GCC_NO_COMMON_BLOCKS = YES;
				GCC_WARN_64_TO_32_BIT_CONVERSION = YES;
				GCC_WARN_ABOUT_RETURN_TYPE = YES_ERROR;
				GCC_WARN_UNDECLARED_SELECTOR = YES;
				GCC_WARN_UNINITIALIZED_AUTOS = YES_AGGRESSIVE;
				GCC_WARN_UNUSED_FUNCTION = YES;
				GCC_WARN_UNUSED_VARIABLE = YES;
				IPHONEOS_DEPLOYMENT_TARGET = 10.2;
				MTL_ENABLE_DEBUG_INFO = NO;
				SDKROOT = iphoneos;
				SWIFT_OPTIMIZATION_LEVEL = "-Owholemodule";
				VALIDATE_PRODUCT = YES;
			};
			name = Release;
		};
		CEFC92E81E2362B700A6FE28 /* Debug */ = {
			isa = XCBuildConfiguration;
			buildSettings = {
				ASSETCATALOG_COMPILER_APPICON_NAME = AppIcon;
				INFOPLIST_FILE = DemoSwift/Info.plist;
				LD_RUNPATH_SEARCH_PATHS = "$(inherited) @executable_path/Frameworks";
				PRODUCT_BUNDLE_IDENTIFIER = com.David.Dai.DemoSwift;
				PRODUCT_NAME = "$(TARGET_NAME)";
				SWIFT_VERSION = 3.0;
			};
			name = Debug;
		};
		CEFC92E91E2362B700A6FE28 /* Release */ = {
			isa = XCBuildConfiguration;
			buildSettings = {
				ASSETCATALOG_COMPILER_APPICON_NAME = AppIcon;
				INFOPLIST_FILE = DemoSwift/Info.plist;
				LD_RUNPATH_SEARCH_PATHS = "$(inherited) @executable_path/Frameworks";
				PRODUCT_BUNDLE_IDENTIFIER = com.David.Dai.DemoSwift;
				PRODUCT_NAME = "$(TARGET_NAME)";
				SWIFT_VERSION = 3.0;
			};
			name = Release;
		};
		CEFC92EB1E2362B700A6FE28 /* Debug */ = {
			isa = XCBuildConfiguration;
			buildSettings = {
				ALWAYS_EMBED_SWIFT_STANDARD_LIBRARIES = YES;
				BUNDLE_LOADER = "$(TEST_HOST)";
				INFOPLIST_FILE = DemoSwiftTests/Info.plist;
				LD_RUNPATH_SEARCH_PATHS = "$(inherited) @executable_path/Frameworks @loader_path/Frameworks";
				PRODUCT_BUNDLE_IDENTIFIER = com.David.Dai.DemoSwiftTests;
				PRODUCT_NAME = "$(TARGET_NAME)";
				SWIFT_VERSION = 3.0;
				TEST_HOST = "$(BUILT_PRODUCTS_DIR)/DemoSwift.app/DemoSwift";
			};
			name = Debug;
		};
		CEFC92EC1E2362B700A6FE28 /* Release */ = {
			isa = XCBuildConfiguration;
			buildSettings = {
				ALWAYS_EMBED_SWIFT_STANDARD_LIBRARIES = YES;
				BUNDLE_LOADER = "$(TEST_HOST)";
				INFOPLIST_FILE = DemoSwiftTests/Info.plist;
				LD_RUNPATH_SEARCH_PATHS = "$(inherited) @executable_path/Frameworks @loader_path/Frameworks";
				PRODUCT_BUNDLE_IDENTIFIER = com.David.Dai.DemoSwiftTests;
				PRODUCT_NAME = "$(TARGET_NAME)";
				SWIFT_VERSION = 3.0;
				TEST_HOST = "$(BUILT_PRODUCTS_DIR)/DemoSwift.app/DemoSwift";
			};
			name = Release;
		};
		CEFC92EE1E2362B700A6FE28 /* Debug */ = {
			isa = XCBuildConfiguration;
			buildSettings = {
				ALWAYS_EMBED_SWIFT_STANDARD_LIBRARIES = YES;
				INFOPLIST_FILE = DemoSwiftUITests/Info.plist;
				LD_RUNPATH_SEARCH_PATHS = "$(inherited) @executable_path/Frameworks @loader_path/Frameworks";
				PRODUCT_BUNDLE_IDENTIFIER = com.David.Dai.DemoSwiftUITests;
				PRODUCT_NAME = "$(TARGET_NAME)";
				SWIFT_VERSION = 3.0;
				TEST_TARGET_NAME = DemoSwift;
			};
			name = Debug;
		};
		CEFC92EF1E2362B700A6FE28 /* Release */ = {
			isa = XCBuildConfiguration;
			buildSettings = {
				ALWAYS_EMBED_SWIFT_STANDARD_LIBRARIES = YES;
				INFOPLIST_FILE = DemoSwiftUITests/Info.plist;
				LD_RUNPATH_SEARCH_PATHS = "$(inherited) @executable_path/Frameworks @loader_path/Frameworks";
				PRODUCT_BUNDLE_IDENTIFIER = com.David.Dai.DemoSwiftUITests;
				PRODUCT_NAME = "$(TARGET_NAME)";
				SWIFT_VERSION = 3.0;
				TEST_TARGET_NAME = DemoSwift;
			};
			name = Release;
		};
/* End XCBuildConfiguration section */

/* Begin XCConfigurationList section */
		CEFC92BA1E2362B700A6FE28 /* Build configuration list for PBXProject "DemoSwift" */ = {
			isa = XCConfigurationList;
			buildConfigurations = (
				CEFC92E51E2362B700A6FE28 /* Debug */,
				CEFC92E61E2362B700A6FE28 /* Release */,
			);
			defaultConfigurationIsVisible = 0;
			defaultConfigurationName = Release;
		};
		CEFC92E71E2362B700A6FE28 /* Build configuration list for PBXNativeTarget "DemoSwift" */ = {
			isa = XCConfigurationList;
			buildConfigurations = (
				CEFC92E81E2362B700A6FE28 /* Debug */,
				CEFC92E91E2362B700A6FE28 /* Release */,
			);
			defaultConfigurationIsVisible = 0;
		};
		CEFC92EA1E2362B700A6FE28 /* Build configuration list for PBXNativeTarget "DemoSwiftTests" */ = {
			isa = XCConfigurationList;
			buildConfigurations = (
				CEFC92EB1E2362B700A6FE28 /* Debug */,
				CEFC92EC1E2362B700A6FE28 /* Release */,
			);
			defaultConfigurationIsVisible = 0;
		};
		CEFC92ED1E2362B700A6FE28 /* Build configuration list for PBXNativeTarget "DemoSwiftUITests" */ = {
			isa = XCConfigurationList;
			buildConfigurations = (
				CEFC92EE1E2362B700A6FE28 /* Debug */,
				CEFC92EF1E2362B700A6FE28 /* Release */,
			);
			defaultConfigurationIsVisible = 0;
		};
/* End XCConfigurationList section */
	};
	rootObject = CEFC92B71E2362B700A6FE28 /* Project object */;
}
